// !$*UTF8*$!
{
	archiveVersion = 1;
	classes = {
	};
	objectVersion = 48;
	objects = {

/* Begin PBXBuildFile section */
		845789EC1F937CA200CCC845 /* AppDelegate.m in Sources */ = {isa = PBXBuildFile; fileRef = 845789EB1F937CA200CCC845 /* AppDelegate.m */; };
		845789F21F937CA200CCC845 /* Main.storyboard in Resources */ = {isa = PBXBuildFile; fileRef = 845789F01F937CA200CCC845 /* Main.storyboard */; };
		845789F41F937CA200CCC845 /* Assets.xcassets in Resources */ = {isa = PBXBuildFile; fileRef = 845789F31F937CA200CCC845 /* Assets.xcassets */; };
		845789F71F937CA200CCC845 /* LaunchScreen.storyboard in Resources */ = {isa = PBXBuildFile; fileRef = 845789F51F937CA200CCC845 /* LaunchScreen.storyboard */; };
		845789FA1F937CA200CCC845 /* main.m in Sources */ = {isa = PBXBuildFile; fileRef = 845789F91F937CA200CCC845 /* main.m */; };
		84A0AF011F938B4A003AE67A /* ListCollectionViewController.m in Sources */ = {isa = PBXBuildFile; fileRef = 84A0AF001F938B4A003AE67A /* ListCollectionViewController.m */; };
		84A0AF041F9397FA003AE67A /* TransactionCollectionViewCell.m in Sources */ = {isa = PBXBuildFile; fileRef = 84A0AF031F9397FA003AE67A /* TransactionCollectionViewCell.m */; };
		84A0AF091F939C35003AE67A /* Transaction.m in Sources */ = {isa = PBXBuildFile; fileRef = 84A0AF081F939C35003AE67A /* Transaction.m */; };
/* End PBXBuildFile section */

/* Begin PBXFileReference section */
		845789E71F937CA200CCC845 /* InformationProtectionIOS.app */ = {isa = PBXFileReference; explicitFileType = wrapper.application; includeInIndex = 0; path = InformationProtectionIOS.app; sourceTree = BUILT_PRODUCTS_DIR; };
		845789EA1F937CA200CCC845 /* AppDelegate.h */ = {isa = PBXFileReference; lastKnownFileType = sourcecode.c.h; path = AppDelegate.h; sourceTree = "<group>"; };
		845789EB1F937CA200CCC845 /* AppDelegate.m */ = {isa = PBXFileReference; lastKnownFileType = sourcecode.c.objc; path = AppDelegate.m; sourceTree = "<group>"; };
		845789F11F937CA200CCC845 /* Base */ = {isa = PBXFileReference; lastKnownFileType = file.storyboard; name = Base; path = Base.lproj/Main.storyboard; sourceTree = "<group>"; };
		845789F31F937CA200CCC845 /* Assets.xcassets */ = {isa = PBXFileReference; lastKnownFileType = folder.assetcatalog; path = Assets.xcassets; sourceTree = "<group>"; };
		845789F61F937CA200CCC845 /* Base */ = {isa = PBXFileReference; lastKnownFileType = file.storyboard; name = Base; path = Base.lproj/LaunchScreen.storyboard; sourceTree = "<group>"; };
		845789F81F937CA200CCC845 /* Info.plist */ = {isa = PBXFileReference; lastKnownFileType = text.plist.xml; path = Info.plist; sourceTree = "<group>"; };
		845789F91F937CA200CCC845 /* main.m */ = {isa = PBXFileReference; lastKnownFileType = sourcecode.c.objc; path = main.m; sourceTree = "<group>"; };
		84A0AEFF1F938B4A003AE67A /* ListCollectionViewController.h */ = {isa = PBXFileReference; lastKnownFileType = sourcecode.c.h; path = ListCollectionViewController.h; sourceTree = "<group>"; };
		84A0AF001F938B4A003AE67A /* ListCollectionViewController.m */ = {isa = PBXFileReference; lastKnownFileType = sourcecode.c.objc; path = ListCollectionViewController.m; sourceTree = "<group>"; };
		84A0AF021F9397FA003AE67A /* TransactionCollectionViewCell.h */ = {isa = PBXFileReference; lastKnownFileType = sourcecode.c.h; path = TransactionCollectionViewCell.h; sourceTree = "<group>"; };
		84A0AF031F9397FA003AE67A /* TransactionCollectionViewCell.m */ = {isa = PBXFileReference; lastKnownFileType = sourcecode.c.objc; path = TransactionCollectionViewCell.m; sourceTree = "<group>"; };
		84A0AF071F939C35003AE67A /* Transaction.h */ = {isa = PBXFileReference; lastKnownFileType = sourcecode.c.h; path = Transaction.h; sourceTree = "<group>"; };
		84A0AF081F939C35003AE67A /* Transaction.m */ = {isa = PBXFileReference; lastKnownFileType = sourcecode.c.objc; path = Transaction.m; sourceTree = "<group>"; };
/* End PBXFileReference section */

/* Begin PBXFrameworksBuildPhase section */
		845789E41F937CA200CCC845 /* Frameworks */ = {
			isa = PBXFrameworksBuildPhase;
			buildActionMask = 2147483647;
			files = (
			);
			runOnlyForDeploymentPostprocessing = 0;
		};
/* End PBXFrameworksBuildPhase section */

/* Begin PBXGroup section */
		845789DE1F937CA200CCC845 = {
			isa = PBXGroup;
			children = (
				845789E91F937CA200CCC845 /* InformationProtectionIOS */,
				845789E81F937CA200CCC845 /* Products */,
			);
			sourceTree = "<group>";
		};
		845789E81F937CA200CCC845 /* Products */ = {
			isa = PBXGroup;
			children = (
				845789E71F937CA200CCC845 /* InformationProtectionIOS.app */,
			);
			name = Products;
			sourceTree = "<group>";
		};
		845789E91F937CA200CCC845 /* InformationProtectionIOS */ = {
			isa = PBXGroup;
			children = (
				84A0AF061F939C19003AE67A /* model */,
				845789EA1F937CA200CCC845 /* AppDelegate.h */,
				845789EB1F937CA200CCC845 /* AppDelegate.m */,
				845789F01F937CA200CCC845 /* Main.storyboard */,
				845789F31F937CA200CCC845 /* Assets.xcassets */,
				845789F51F937CA200CCC845 /* LaunchScreen.storyboard */,
				845789F81F937CA200CCC845 /* Info.plist */,
				845789F91F937CA200CCC845 /* main.m */,
				84A0AF051F939C09003AE67A /* TransactionCollectionView */,
			);
			path = InformationProtectionIOS;
			sourceTree = "<group>";
		};
		84A0AF051F939C09003AE67A /* TransactionCollectionView */ = {
			isa = PBXGroup;
			children = (
				84A0AEFF1F938B4A003AE67A /* ListCollectionViewController.h */,
				84A0AF001F938B4A003AE67A /* ListCollectionViewController.m */,
				84A0AF021F9397FA003AE67A /* TransactionCollectionViewCell.h */,
				84A0AF031F9397FA003AE67A /* TransactionCollectionViewCell.m */,
			);
			path = TransactionCollectionView;
			sourceTree = "<group>";
		};
		84A0AF061F939C19003AE67A /* model */ = {
			isa = PBXGroup;
			children = (
				84A0AF071F939C35003AE67A /* Transaction.h */,
				84A0AF081F939C35003AE67A /* Transaction.m */,
			);
			path = model;
			sourceTree = "<group>";
		};
/* End PBXGroup section */

/* Begin PBXNativeTarget section */
		845789E61F937CA200CCC845 /* InformationProtectionIOS */ = {
			isa = PBXNativeTarget;
			buildConfigurationList = 845789FD1F937CA200CCC845 /* Build configuration list for PBXNativeTarget "InformationProtectionIOS" */;
			buildPhases = (
				845789E31F937CA200CCC845 /* Sources */,
				845789E41F937CA200CCC845 /* Frameworks */,
				845789E51F937CA200CCC845 /* Resources */,
			);
			buildRules = (
			);
			dependencies = (
			);
			name = InformationProtectionIOS;
			productName = InformationProtectionIOS;
			productReference = 845789E71F937CA200CCC845 /* InformationProtectionIOS.app */;
			productType = "com.apple.product-type.application";
		};
/* End PBXNativeTarget section */

/* Begin PBXProject section */
		845789DF1F937CA200CCC845 /* Project object */ = {
			isa = PBXProject;
			attributes = {
				LastUpgradeCheck = 0900;
				ORGANIZATIONNAME = IraNikolenko;
				TargetAttributes = {
					845789E61F937CA200CCC845 = {
						CreatedOnToolsVersion = 9.0;
						ProvisioningStyle = Automatic;
					};
				};
			};
			buildConfigurationList = 845789E21F937CA200CCC845 /* Build configuration list for PBXProject "InformationProtectionIOS" */;
			compatibilityVersion = "Xcode 8.0";
			developmentRegion = en;
			hasScannedForEncodings = 0;
			knownRegions = (
				en,
				Base,
			);
			mainGroup = 845789DE1F937CA200CCC845;
			productRefGroup = 845789E81F937CA200CCC845 /* Products */;
			projectDirPath = "";
			projectRoot = "";
			targets = (
				845789E61F937CA200CCC845 /* InformationProtectionIOS */,
			);
		};
/* End PBXProject section */

/* Begin PBXResourcesBuildPhase section */
		845789E51F937CA200CCC845 /* Resources */ = {
			isa = PBXResourcesBuildPhase;
			buildActionMask = 2147483647;
			files = (
				845789F71F937CA200CCC845 /* LaunchScreen.storyboard in Resources */,
				845789F41F937CA200CCC845 /* Assets.xcassets in Resources */,
				845789F21F937CA200CCC845 /* Main.storyboard in Resources */,
			);
			runOnlyForDeploymentPostprocessing = 0;
		};
/* End PBXResourcesBuildPhase section */

/* Begin PBXSourcesBuildPhase section */
		845789E31F937CA200CCC845 /* Sources */ = {
			isa = PBXSourcesBuildPhase;
			buildActionMask = 2147483647;
			files = (
				84A0AF011F938B4A003AE67A /* ListCollectionViewController.m in Sources */,
				845789FA1F937CA200CCC845 /* main.m in Sources */,
				845789EC1F937CA200CCC845 /* AppDelegate.m in Sources */,
				84A0AF091F939C35003AE67A /* Transaction.m in Sources */,
				84A0AF041F9397FA003AE67A /* TransactionCollectionViewCell.m in Sources */,
			);
			runOnlyForDeploymentPostprocessing = 0;
		};
/* End PBXSourcesBuildPhase section */

/* Begin PBXVariantGroup section */
		845789F01F937CA200CCC845 /* Main.storyboard */ = {
			isa = PBXVariantGroup;
			children = (
				845789F11F937CA200CCC845 /* Base */,
			);
			name = Main.storyboard;
			sourceTree = "<group>";
		};
		845789F51F937CA200CCC845 /* LaunchScreen.storyboard */ = {
			isa = PBXVariantGroup;
			children = (
				845789F61F937CA200CCC845 /* Base */,
			);
			name = LaunchScreen.storyboard;
			sourceTree = "<group>";
		};
/* End PBXVariantGroup section */

/* Begin XCBuildConfiguration section */
		845789FB1F937CA200CCC845 /* Debug */ = {
			isa = XCBuildConfiguration;
			buildSettings = {
				ALWAYS_SEARCH_USER_PATHS = NO;
				CLANG_ANALYZER_NONNULL = YES;
				CLANG_ANALYZER_NUMBER_OBJECT_CONVERSION = YES_AGGRESSIVE;
				CLANG_CXX_LANGUAGE_STANDARD = "gnu++14";
				CLANG_CXX_LIBRARY = "libc++";
				CLANG_ENABLE_MODULES = YES;
				CLANG_ENABLE_OBJC_ARC = YES;
				CLANG_WARN_BLOCK_CAPTURE_AUTORELEASING = YES;
				CLANG_WARN_BOOL_CONVERSION = YES;
				CLANG_WARN_COMMA = YES;
				CLANG_WARN_CONSTANT_CONVERSION = YES;
				CLANG_WARN_DIRECT_OBJC_ISA_USAGE = YES_ERROR;
				CLANG_WARN_DOCUMENTATION_COMMENTS = YES;
				CLANG_WARN_EMPTY_BODY = YES;
				CLANG_WARN_ENUM_CONVERSION = YES;
				CLANG_WARN_INFINITE_RECURSION = YES;
				CLANG_WARN_INT_CONVERSION = YES;
				CLANG_WARN_NON_LITERAL_NULL_CONVERSION = YES;
				CLANG_WARN_OBJC_LITERAL_CONVERSION = YES;
				CLANG_WARN_OBJC_ROOT_CLASS = YES_ERROR;
				CLANG_WARN_RANGE_LOOP_ANALYSIS = YES;
				CLANG_WARN_STRICT_PROTOTYPES = YES;
				CLANG_WARN_SUSPICIOUS_MOVE = YES;
				CLANG_WARN_UNGUARDED_AVAILABILITY = YES_AGGRESSIVE;
				CLANG_WARN_UNREACHABLE_CODE = YES;
				CLANG_WARN__DUPLICATE_METHOD_MATCH = YES;
				CODE_SIGN_IDENTITY = "iPhone Developer";
				COPY_PHASE_STRIP = NO;
				DEBUG_INFORMATION_FORMAT = dwarf;
				ENABLE_STRICT_OBJC_MSGSEND = YES;
				ENABLE_TESTABILITY = YES;
				GCC_C_LANGUAGE_STANDARD = gnu11;
				GCC_DYNAMIC_NO_PIC = NO;
				GCC_NO_COMMON_BLOCKS = YES;
				GCC_OPTIMIZATION_LEVEL = 0;
				GCC_PREPROCESSOR_DEFINITIONS = (
					"DEBUG=1",
					"$(inherited)",
				);
				GCC_WARN_64_TO_32_BIT_CONVERSION = YES;
				GCC_WARN_ABOUT_RETURN_TYPE = YES_ERROR;
				GCC_WARN_UNDECLARED_SELECTOR = YES;
				GCC_WARN_UNINITIALIZED_AUTOS = YES_AGGRESSIVE;
				GCC_WARN_UNUSED_FUNCTION = YES;
				GCC_WARN_UNUSED_VARIABLE = YES;
				IPHONEOS_DEPLOYMENT_TARGET = 11.0;
				MTL_ENABLE_DEBUG_INFO = YES;
				ONLY_ACTIVE_ARCH = YES;
				SDKROOT = iphoneos;
			};
			name = Debug;
		};
		845789FC1F937CA200CCC845 /* Release */ = {
			isa = XCBuildConfiguration;
			buildSettings = {
				ALWAYS_SEARCH_USER_PATHS = NO;
				CLANG_ANALYZER_NONNULL = YES;
				CLANG_ANALYZER_NUMBER_OBJECT_CONVERSION = YES_AGGRESSIVE;
				CLANG_CXX_LANGUAGE_STANDARD = "gnu++14";
				CLANG_CXX_LIBRARY = "libc++";
				CLANG_ENABLE_MODULES = YES;
				CLANG_ENABLE_OBJC_ARC = YES;
				CLANG_WARN_BLOCK_CAPTURE_AUTORELEASING = YES;
				CLANG_WARN_BOOL_CONVERSION = YES;
				CLANG_WARN_COMMA = YES;
				CLANG_WARN_CONSTANT_CONVERSION = YES;
				CLANG_WARN_DIRECT_OBJC_ISA_USAGE = YES_ERROR;
				CLANG_WARN_DOCUMENTATION_COMMENTS = YES;
				CLANG_WARN_EMPTY_BODY = YES;
				CLANG_WARN_ENUM_CONVERSION = YES;
				CLANG_WARN_INFINITE_RECURSION = YES;
				CLANG_WARN_INT_CONVERSION = YES;
				CLANG_WARN_NON_LITERAL_NULL_CONVERSION = YES;
				CLANG_WARN_OBJC_LITERAL_CONVERSION = YES;
				CLANG_WARN_OBJC_ROOT_CLASS = YES_ERROR;
				CLANG_WARN_RANGE_LOOP_ANALYSIS = YES;
				CLANG_WARN_STRICT_PROTOTYPES = YES;
				CLANG_WARN_SUSPICIOUS_MOVE = YES;
				CLANG_WARN_UNGUARDED_AVAILABILITY = YES_AGGRESSIVE;
				CLANG_WARN_UNREACHABLE_CODE = YES;
				CLANG_WARN__DUPLICATE_METHOD_MATCH = YES;
				CODE_SIGN_IDENTITY = "iPhone Developer";
				COPY_PHASE_STRIP = NO;
				DEBUG_INFORMATION_FORMAT = "dwarf-with-dsym";
				ENABLE_NS_ASSERTIONS = NO;
				ENABLE_STRICT_OBJC_MSGSEND = YES;
				GCC_C_LANGUAGE_STANDARD = gnu11;
				GCC_NO_COMMON_BLOCKS = YES;
				GCC_WARN_64_TO_32_BIT_CONVERSION = YES;
				GCC_WARN_ABOUT_RETURN_TYPE = YES_ERROR;
				GCC_WARN_UNDECLARED_SELECTOR = YES;
				GCC_WARN_UNINITIALIZED_AUTOS = YES_AGGRESSIVE;
				GCC_WARN_UNUSED_FUNCTION = YES;
				GCC_WARN_UNUSED_VARIABLE = YES;
				IPHONEOS_DEPLOYMENT_TARGET = 11.0;
				MTL_ENABLE_DEBUG_INFO = NO;
				SDKROOT = iphoneos;
				VALIDATE_PRODUCT = YES;
			};
			name = Release;
		};
		845789FE1F937CA200CCC845 /* Debug */ = {
			isa = XCBuildConfiguration;
			buildSettings = {
				ASSETCATALOG_COMPILER_APPICON_NAME = AppIcon;
				CODE_SIGN_STYLE = Automatic;
				INFOPLIST_FILE = InformationProtectionIOS/Info.plist;
				LD_RUNPATH_SEARCH_PATHS = "$(inherited) @executable_path/Frameworks";
				PRODUCT_BUNDLE_IDENTIFIER = IraNikolenko.InformationProtectionIOS;
				PRODUCT_NAME = "$(TARGET_NAME)";
				TARGETED_DEVICE_FAMILY = "1,2";
			};
			name = Debug;
		};
		845789FF1F937CA200CCC845 /* Release */ = {
			isa = XCBuildConfiguration;
			buildSettings = {
				ASSETCATALOG_COMPILER_APPICON_NAME = AppIcon;
				CODE_SIGN_STYLE = Automatic;
				INFOPLIST_FILE = InformationProtectionIOS/Info.plist;
				LD_RUNPATH_SEARCH_PATHS = "$(inherited) @executable_path/Frameworks";
				PRODUCT_BUNDLE_IDENTIFIER = IraNikolenko.InformationProtectionIOS;
				PRODUCT_NAME = "$(TARGET_NAME)";
				TARGETED_DEVICE_FAMILY = "1,2";
			};
			name = Release;
		};
/* End XCBuildConfiguration section */

/* Begin XCConfigurationList section */
		845789E21F937CA200CCC845 /* Build configuration list for PBXProject "InformationProtectionIOS" */ = {
			isa = XCConfigurationList;
			buildConfigurations = (
				845789FB1F937CA200CCC845 /* Debug */,
				845789FC1F937CA200CCC845 /* Release */,
			);
			defaultConfigurationIsVisible = 0;
			defaultConfigurationName = Release;
		};
		845789FD1F937CA200CCC845 /* Build configuration list for PBXNativeTarget "InformationProtectionIOS" */ = {
			isa = XCConfigurationList;
			buildConfigurations = (
				845789FE1F937CA200CCC845 /* Debug */,
				845789FF1F937CA200CCC845 /* Release */,
			);
			defaultConfigurationIsVisible = 0;
			defaultConfigurationName = Release;
		};
/* End XCConfigurationList section */
	};
	rootObject = 845789DF1F937CA200CCC845 /* Project object */;
}
